
Microsoft Visual Studio Solution File, Format Version 12.00
# Visual Studio 2013
VisualStudioVersion = 12.0.21005.1
MinimumVisualStudioVersion = 10.0.40219.1
Project("{FAE04EC0-301F-11D3-BF4B-00C04F79EFBC}") = "DemoMVC", "Dylan.Peng.DemoMVC\DemoMVC.csproj", "{D413AEDC-2B39-4AAB-8B6D-64710EA7AA0F}"
EndProject
Global
	GlobalSection(SolutionConfigurationPlatforms) = preSolution
		Debug|Any CPU = Debug|Any CPU
		Release|Any CPU = Release|Any CPU
	EndGlobalSection
	GlobalSection(ProjectConfigurationPlatforms) = postSolution
		{D413AEDC-2B39-4AAB-8B6D-64710EA7AA0F}.Debug|Any CPU.ActiveCfg = Debug|Any CPU
		{D413AEDC-2B39-4AAB-8B6D-64710EA7AA0F}.Debug|Any CPU.Build.0 = Debug|Any CPU
		{D413AEDC-2B39-4AAB-8B6D-64710EA7AA0F}.Release|Any CPU.ActiveCfg = Release|Any CPU
		{D413AEDC-2B39-4AAB-8B6D-64710EA7AA0F}.Release|Any CPU.Build.0 = Release|Any CPU
	EndGlobalSection
	GlobalSection(SolutionProperties) = preSolution
		HideSolutionNode = FALSE
	EndGlobalSection
EndGlobal
